// !$*UTF8*$!
{
	archiveVersion = 1;
	classes = {
	};
	objectVersion = 56;
	objects = {

/* Begin PBXBuildFile section */
		8927690D29E69BB800CA8ECD /* AppDelegate.swift in Sources */ = {isa = PBXBuildFile; fileRef = 8927690C29E69BB800CA8ECD /* AppDelegate.swift */; };
		8927690F29E69BB800CA8ECD /* SceneDelegate.swift in Sources */ = {isa = PBXBuildFile; fileRef = 8927690E29E69BB800CA8ECD /* SceneDelegate.swift */; };
		8927691129E69BB800CA8ECD /* ViewController.swift in Sources */ = {isa = PBXBuildFile; fileRef = 8927691029E69BB800CA8ECD /* ViewController.swift */; };
		8927691429E69BB800CA8ECD /* Main.storyboard in Resources */ = {isa = PBXBuildFile; fileRef = 8927691229E69BB800CA8ECD /* Main.storyboard */; };
		8927691629E69BB800CA8ECD /* Assets.xcassets in Resources */ = {isa = PBXBuildFile; fileRef = 8927691529E69BB800CA8ECD /* Assets.xcassets */; };
		8927691929E69BB800CA8ECD /* LaunchScreen.storyboard in Resources */ = {isa = PBXBuildFile; fileRef = 8927691729E69BB800CA8ECD /* LaunchScreen.storyboard */; };
		A70E0F0F3DA16A785CB13390 /* Pods_cicdTest.framework in Frameworks */ = {isa = PBXBuildFile; fileRef = C092D29E0DE3C9B7315B2559 /* Pods_cicdTest.framework */; };
/* End PBXBuildFile section */

/* Begin PBXFileReference section */
		8927690929E69BB800CA8ECD /* cicdTest.app */ = {isa = PBXFileReference; explicitFileType = wrapper.application; includeInIndex = 0; path = cicdTest.app; sourceTree = BUILT_PRODUCTS_DIR; };
		8927690C29E69BB800CA8ECD /* AppDelegate.swift */ = {isa = PBXFileReference; lastKnownFileType = sourcecode.swift; path = AppDelegate.swift; sourceTree = "<group>"; };
		8927690E29E69BB800CA8ECD /* SceneDelegate.swift */ = {isa = PBXFileReference; lastKnownFileType = sourcecode.swift; path = SceneDelegate.swift; sourceTree = "<group>"; };
		8927691029E69BB800CA8ECD /* ViewController.swift */ = {isa = PBXFileReference; lastKnownFileType = sourcecode.swift; path = ViewController.swift; sourceTree = "<group>"; };
		8927691329E69BB800CA8ECD /* Base */ = {isa = PBXFileReference; lastKnownFileType = file.storyboard; name = Base; path = Base.lproj/Main.storyboard; sourceTree = "<group>"; };
		8927691529E69BB800CA8ECD /* Assets.xcassets */ = {isa = PBXFileReference; lastKnownFileType = folder.assetcatalog; path = Assets.xcassets; sourceTree = "<group>"; };
		8927691829E69BB800CA8ECD /* Base */ = {isa = PBXFileReference; lastKnownFileType = file.storyboard; name = Base; path = Base.lproj/LaunchScreen.storyboard; sourceTree = "<group>"; };
		8927691A29E69BB800CA8ECD /* Info.plist */ = {isa = PBXFileReference; lastKnownFileType = text.plist.xml; path = Info.plist; sourceTree = "<group>"; };
		A8C25AA47F1D2EA529979ADE /* Pods-cicdTest.debug.xcconfig */ = {isa = PBXFileReference; includeInIndex = 1; lastKnownFileType = text.xcconfig; name = "Pods-cicdTest.debug.xcconfig"; path = "Target Support Files/Pods-cicdTest/Pods-cicdTest.debug.xcconfig"; sourceTree = "<group>"; };
		C092D29E0DE3C9B7315B2559 /* Pods_cicdTest.framework */ = {isa = PBXFileReference; explicitFileType = wrapper.framework; includeInIndex = 0; path = Pods_cicdTest.framework; sourceTree = BUILT_PRODUCTS_DIR; };
		D7725284F95A61A3E2D5816B /* Pods-cicdTest.release.xcconfig */ = {isa = PBXFileReference; includeInIndex = 1; lastKnownFileType = text.xcconfig; name = "Pods-cicdTest.release.xcconfig"; path = "Target Support Files/Pods-cicdTest/Pods-cicdTest.release.xcconfig"; sourceTree = "<group>"; };
/* End PBXFileReference section */

/* Begin PBXFrameworksBuildPhase section */
		8927690629E69BB800CA8ECD /* Frameworks */ = {
			isa = PBXFrameworksBuildPhase;
			buildActionMask = 2147483647;
			files = (
				A70E0F0F3DA16A785CB13390 /* Pods_cicdTest.framework in Frameworks */,
			);
			runOnlyForDeploymentPostprocessing = 0;
		};
/* End PBXFrameworksBuildPhase section */

/* Begin PBXGroup section */
		8927690029E69BB800CA8ECD = {
			isa = PBXGroup;
			children = (
				8927690B29E69BB800CA8ECD /* cicdTest */,
				8927690A29E69BB800CA8ECD /* Products */,
				FC543DC4D1399E070947A127 /* Pods */,
				DA8AF8F7221631757F1CB3A5 /* Frameworks */,
			);
			sourceTree = "<group>";
		};
		8927690A29E69BB800CA8ECD /* Products */ = {
			isa = PBXGroup;
			children = (
				8927690929E69BB800CA8ECD /* cicdTest.app */,
			);
			name = Products;
			sourceTree = "<group>";
		};
		8927690B29E69BB800CA8ECD /* cicdTest */ = {
			isa = PBXGroup;
			children = (
				8927690C29E69BB800CA8ECD /* AppDelegate.swift */,
				8927690E29E69BB800CA8ECD /* SceneDelegate.swift */,
				8927691029E69BB800CA8ECD /* ViewController.swift */,
				8927691229E69BB800CA8ECD /* Main.storyboard */,
				8927691529E69BB800CA8ECD /* Assets.xcassets */,
				8927691729E69BB800CA8ECD /* LaunchScreen.storyboard */,
				8927691A29E69BB800CA8ECD /* Info.plist */,
			);
			path = cicdTest;
			sourceTree = "<group>";
		};
		DA8AF8F7221631757F1CB3A5 /* Frameworks */ = {
			isa = PBXGroup;
			children = (
				C092D29E0DE3C9B7315B2559 /* Pods_cicdTest.framework */,
			);
			name = Frameworks;
			sourceTree = "<group>";
		};
		FC543DC4D1399E070947A127 /* Pods */ = {
			isa = PBXGroup;
			children = (
				A8C25AA47F1D2EA529979ADE /* Pods-cicdTest.debug.xcconfig */,
				D7725284F95A61A3E2D5816B /* Pods-cicdTest.release.xcconfig */,
			);
			path = Pods;
			sourceTree = "<group>";
		};
/* End PBXGroup section */

/* Begin PBXNativeTarget section */
		8927690829E69BB800CA8ECD /* cicdTest */ = {
			isa = PBXNativeTarget;
			buildConfigurationList = 8927691D29E69BB800CA8ECD /* Build configuration list for PBXNativeTarget "cicdTest" */;
			buildPhases = (
				34E1276DF512D528D11E1770 /* [CP] Check Pods Manifest.lock */,
				8927690529E69BB800CA8ECD /* Sources */,
				8927690629E69BB800CA8ECD /* Frameworks */,
				8927690729E69BB800CA8ECD /* Resources */,
			);
			buildRules = (
			);
			dependencies = (
			);
			name = cicdTest;
			productName = cicdTest;
			productReference = 8927690929E69BB800CA8ECD /* cicdTest.app */;
			productType = "com.apple.product-type.application";
		};
/* End PBXNativeTarget section */

/* Begin PBXProject section */
		8927690129E69BB800CA8ECD /* Project object */ = {
			isa = PBXProject;
			attributes = {
				BuildIndependentTargetsInParallel = 1;
				LastSwiftUpdateCheck = 1420;
				LastUpgradeCheck = 1420;
				TargetAttributes = {
					8927690829E69BB800CA8ECD = {
						CreatedOnToolsVersion = 14.2;
					};
				};
			};
			buildConfigurationList = 8927690429E69BB800CA8ECD /* Build configuration list for PBXProject "cicdTest" */;
			compatibilityVersion = "Xcode 14.0";
			developmentRegion = en;
			hasScannedForEncodings = 0;
			knownRegions = (
				en,
				Base,
			);
			mainGroup = 8927690029E69BB800CA8ECD;
			productRefGroup = 8927690A29E69BB800CA8ECD /* Products */;
			projectDirPath = "";
			projectRoot = "";
			targets = (
				8927690829E69BB800CA8ECD /* cicdTest */,
			);
		};
/* End PBXProject section */

/* Begin PBXResourcesBuildPhase section */
		8927690729E69BB800CA8ECD /* Resources */ = {
			isa = PBXResourcesBuildPhase;
			buildActionMask = 2147483647;
			files = (
				8927691929E69BB800CA8ECD /* LaunchScreen.storyboard in Resources */,
				8927691629E69BB800CA8ECD /* Assets.xcassets in Resources */,
				8927691429E69BB800CA8ECD /* Main.storyboard in Resources */,
			);
			runOnlyForDeploymentPostprocessing = 0;
		};
/* End PBXResourcesBuildPhase section */

/* Begin PBXShellScriptBuildPhase section */
		34E1276DF512D528D11E1770 /* [CP] Check Pods Manifest.lock */ = {
			isa = PBXShellScriptBuildPhase;
			buildActionMask = 2147483647;
			files = (
			);
			inputFileListPaths = (
			);
			inputPaths = (
				"${PODS_PODFILE_DIR_PATH}/Podfile.lock",
				"${PODS_ROOT}/Manifest.lock",
			);
			name = "[CP] Check Pods Manifest.lock";
			outputFileListPaths = (
			);
			outputPaths = (
				"$(DERIVED_FILE_DIR)/Pods-cicdTest-checkManifestLockResult.txt",
			);
			runOnlyForDeploymentPostprocessing = 0;
			shellPath = /bin/sh;
			shellScript = "diff \"${PODS_PODFILE_DIR_PATH}/Podfile.lock\" \"${PODS_ROOT}/Manifest.lock\" > /dev/null\nif [ $? != 0 ] ; then\n    # print error to STDERR\n    echo \"error: The sandbox is not in sync with the Podfile.lock. Run 'pod install' or update your CocoaPods installation.\" >&2\n    exit 1\nfi\n# This output is used by Xcode 'outputs' to avoid re-running this script phase.\necho \"SUCCESS\" > \"${SCRIPT_OUTPUT_FILE_0}\"\n";
			showEnvVarsInLog = 0;
		};
/* End PBXShellScriptBuildPhase section */

/* Begin PBXSourcesBuildPhase section */
		8927690529E69BB800CA8ECD /* Sources */ = {
			isa = PBXSourcesBuildPhase;
			buildActionMask = 2147483647;
			files = (
				8927691129E69BB800CA8ECD /* ViewController.swift in Sources */,
				8927690D29E69BB800CA8ECD /* AppDelegate.swift in Sources */,
				8927690F29E69BB800CA8ECD /* SceneDelegate.swift in Sources */,
			);
			runOnlyForDeploymentPostprocessing = 0;
		};
/* End PBXSourcesBuildPhase section */

/* Begin PBXVariantGroup section */
		8927691229E69BB800CA8ECD /* Main.storyboard */ = {
			isa = PBXVariantGroup;
			children = (
				8927691329E69BB800CA8ECD /* Base */,
			);
			name = Main.storyboard;
			sourceTree = "<group>";
		};
		8927691729E69BB800CA8ECD /* LaunchScreen.storyboard */ = {
			isa = PBXVariantGroup;
			children = (
				8927691829E69BB800CA8ECD /* Base */,
			);
			name = LaunchScreen.storyboard;
			sourceTree = "<group>";
		};
/* End PBXVariantGroup section */

/* Begin XCBuildConfiguration section */
		8927691B29E69BB800CA8ECD /* Debug */ = {
			isa = XCBuildConfiguration;
			buildSettings = {
				ALWAYS_SEARCH_USER_PATHS = NO;
				CLANG_ANALYZER_NONNULL = YES;
				CLANG_ANALYZER_NUMBER_OBJECT_CONVERSION = YES_AGGRESSIVE;
				CLANG_CXX_LANGUAGE_STANDARD = "gnu++20";
				CLANG_ENABLE_MODULES = YES;
				CLANG_ENABLE_OBJC_ARC = YES;
				CLANG_ENABLE_OBJC_WEAK = YES;
				CLANG_WARN_BLOCK_CAPTURE_AUTORELEASING = YES;
				CLANG_WARN_BOOL_CONVERSION = YES;
				CLANG_WARN_COMMA = YES;
				CLANG_WARN_CONSTANT_CONVERSION = YES;
				CLANG_WARN_DEPRECATED_OBJC_IMPLEMENTATIONS = YES;
				CLANG_WARN_DIRECT_OBJC_ISA_USAGE = YES_ERROR;
				CLANG_WARN_DOCUMENTATION_COMMENTS = YES;
				CLANG_WARN_EMPTY_BODY = YES;
				CLANG_WARN_ENUM_CONVERSION = YES;
				CLANG_WARN_INFINITE_RECURSION = YES;
				CLANG_WARN_INT_CONVERSION = YES;
				CLANG_WARN_NON_LITERAL_NULL_CONVERSION = YES;
				CLANG_WARN_OBJC_IMPLICIT_RETAIN_SELF = YES;
				CLANG_WARN_OBJC_LITERAL_CONVERSION = YES;
				CLANG_WARN_OBJC_ROOT_CLASS = YES_ERROR;
				CLANG_WARN_QUOTED_INCLUDE_IN_FRAMEWORK_HEADER = YES;
				CLANG_WARN_RANGE_LOOP_ANALYSIS = YES;
				CLANG_WARN_STRICT_PROTOTYPES = YES;
				CLANG_WARN_SUSPICIOUS_MOVE = YES;
				CLANG_WARN_UNGUARDED_AVAILABILITY = YES_AGGRESSIVE;
				CLANG_WARN_UNREACHABLE_CODE = YES;
				CLANG_WARN__DUPLICATE_METHOD_MATCH = YES;
				COPY_PHASE_STRIP = NO;
				DEBUG_INFORMATION_FORMAT = dwarf;
				ENABLE_STRICT_OBJC_MSGSEND = YES;
				ENABLE_TESTABILITY = YES;
				GCC_C_LANGUAGE_STANDARD = gnu11;
				GCC_DYNAMIC_NO_PIC = NO;
				GCC_NO_COMMON_BLOCKS = YES;
				GCC_OPTIMIZATION_LEVEL = 0;
				GCC_PREPROCESSOR_DEFINITIONS = (
					"DEBUG=1",
					"$(inherited)",
				);
				GCC_WARN_64_TO_32_BIT_CONVERSION = YES;
				GCC_WARN_ABOUT_RETURN_TYPE = YES_ERROR;
				GCC_WARN_UNDECLARED_SELECTOR = YES;
				GCC_WARN_UNINITIALIZED_AUTOS = YES_AGGRESSIVE;
				GCC_WARN_UNUSED_FUNCTION = YES;
				GCC_WARN_UNUSED_VARIABLE = YES;
				IPHONEOS_DEPLOYMENT_TARGET = 16.2;
				MTL_ENABLE_DEBUG_INFO = INCLUDE_SOURCE;
				MTL_FAST_MATH = YES;
				ONLY_ACTIVE_ARCH = YES;
				SDKROOT = iphoneos;
				SWIFT_ACTIVE_COMPILATION_CONDITIONS = DEBUG;
				SWIFT_OPTIMIZATION_LEVEL = "-Onone";
			};
			name = Debug;
		};
		8927691C29E69BB800CA8ECD /* Release */ = {
			isa = XCBuildConfiguration;
			buildSettings = {
				ALWAYS_SEARCH_USER_PATHS = NO;
				CLANG_ANALYZER_NONNULL = YES;
				CLANG_ANALYZER_NUMBER_OBJECT_CONVERSION = YES_AGGRESSIVE;
				CLANG_CXX_LANGUAGE_STANDARD = "gnu++20";
				CLANG_ENABLE_MODULES = YES;
				CLANG_ENABLE_OBJC_ARC = YES;
				CLANG_ENABLE_OBJC_WEAK = YES;
				CLANG_WARN_BLOCK_CAPTURE_AUTORELEASING = YES;
				CLANG_WARN_BOOL_CONVERSION = YES;
				CLANG_WARN_COMMA = YES;
				CLANG_WARN_CONSTANT_CONVERSION = YES;
				CLANG_WARN_DEPRECATED_OBJC_IMPLEMENTATIONS = YES;
				CLANG_WARN_DIRECT_OBJC_ISA_USAGE = YES_ERROR;
				CLANG_WARN_DOCUMENTATION_COMMENTS = YES;
				CLANG_WARN_EMPTY_BODY = YES;
				CLANG_WARN_ENUM_CONVERSION = YES;
				CLANG_WARN_INFINITE_RECURSION = YES;
				CLANG_WARN_INT_CONVERSION = YES;
				CLANG_WARN_NON_LITERAL_NULL_CONVERSION = YES;
				CLANG_WARN_OBJC_IMPLICIT_RETAIN_SELF = YES;
				CLANG_WARN_OBJC_LITERAL_CONVERSION = YES;
				CLANG_WARN_OBJC_ROOT_CLASS = YES_ERROR;
				CLANG_WARN_QUOTED_INCLUDE_IN_FRAMEWORK_HEADER = YES;
				CLANG_WARN_RANGE_LOOP_ANALYSIS = YES;
				CLANG_WARN_STRICT_PROTOTYPES = YES;
				CLANG_WARN_SUSPICIOUS_MOVE = YES;
				CLANG_WARN_UNGUARDED_AVAILABILITY = YES_AGGRESSIVE;
				CLANG_WARN_UNREACHABLE_CODE = YES;
				CLANG_WARN__DUPLICATE_METHOD_MATCH = YES;
				COPY_PHASE_STRIP = NO;
				DEBUG_INFORMATION_FORMAT = "dwarf-with-dsym";
				ENABLE_NS_ASSERTIONS = NO;
				ENABLE_STRICT_OBJC_MSGSEND = YES;
				GCC_C_LANGUAGE_STANDARD = gnu11;
				GCC_NO_COMMON_BLOCKS = YES;
				GCC_WARN_64_TO_32_BIT_CONVERSION = YES;
				GCC_WARN_ABOUT_RETURN_TYPE = YES_ERROR;
				GCC_WARN_UNDECLARED_SELECTOR = YES;
				GCC_WARN_UNINITIALIZED_AUTOS = YES_AGGRESSIVE;
				GCC_WARN_UNUSED_FUNCTION = YES;
				GCC_WARN_UNUSED_VARIABLE = YES;
				IPHONEOS_DEPLOYMENT_TARGET = 16.2;
				MTL_ENABLE_DEBUG_INFO = NO;
				MTL_FAST_MATH = YES;
				SDKROOT = iphoneos;
				SWIFT_COMPILATION_MODE = wholemodule;
				SWIFT_OPTIMIZATION_LEVEL = "-O";
				VALIDATE_PRODUCT = YES;
			};
			name = Release;
		};
		8927691E29E69BB800CA8ECD /* Debug */ = {
			isa = XCBuildConfiguration;
			baseConfigurationReference = A8C25AA47F1D2EA529979ADE /* Pods-cicdTest.debug.xcconfig */;
			buildSettings = {
				ASSETCATALOG_COMPILER_APPICON_NAME = AppIcon;
				ASSETCATALOG_COMPILER_GLOBAL_ACCENT_COLOR_NAME = AccentColor;
				CODE_SIGN_STYLE = Automatic;
				CURRENT_PROJECT_VERSION = 4;
				DEVELOPMENT_TEAM = RUFP7D8BXB;
				GENERATE_INFOPLIST_FILE = YES;
				INFOPLIST_FILE = cicdTest/Info.plist;
				INFOPLIST_KEY_UIApplicationSupportsIndirectInputEvents = YES;
				INFOPLIST_KEY_UILaunchStoryboardName = LaunchScreen;
				INFOPLIST_KEY_UIMainStoryboardFile = Main;
				INFOPLIST_KEY_UISupportedInterfaceOrientations_iPad = "UIInterfaceOrientationPortrait UIInterfaceOrientationPortraitUpsideDown UIInterfaceOrientationLandscapeLeft UIInterfaceOrientationLandscapeRight";
				INFOPLIST_KEY_UISupportedInterfaceOrientations_iPhone = "UIInterfaceOrientationPortrait UIInterfaceOrientationLandscapeLeft UIInterfaceOrientationLandscapeRight";
				LD_RUNPATH_SEARCH_PATHS = (
					"$(inherited)",
					"@executable_path/Frameworks",
				);
				MARKETING_VERSION = 1.0;
				PRODUCT_BUNDLE_IDENTIFIER = ellen.test.cicdTest;
				PRODUCT_NAME = "$(TARGET_NAME)";
				SUPPORTED_PLATFORMS = "iphoneos iphonesimulator";
				SUPPORTS_MACCATALYST = NO;
				SUPPORTS_MAC_DESIGNED_FOR_IPHONE_IPAD = YES;
				SWIFT_EMIT_LOC_STRINGS = YES;
				SWIFT_VERSION = 5.0;
				TARGETED_DEVICE_FAMILY = 1;
			};
			name = Debug;
		};
		8927691F29E69BB800CA8ECD /* Release */ = {
			isa = XCBuildConfiguration;
			baseConfigurationReference = D7725284F95A61A3E2D5816B /* Pods-cicdTest.release.xcconfig */;
			buildSettings = {
				ASSETCATALOG_COMPILER_APPICON_NAME = AppIcon;
				ASSETCATALOG_COMPILER_GLOBAL_ACCENT_COLOR_NAME = AccentColor;
				CODE_SIGN_STYLE = Automatic;
				CURRENT_PROJECT_VERSION = 4;
				DEVELOPMENT_TEAM = RUFP7D8BXB;
				GENERATE_INFOPLIST_FILE = YES;
				INFOPLIST_FILE = cicdTest/Info.plist;
				INFOPLIST_KEY_UIApplicationSupportsIndirectInputEvents = YES;
				INFOPLIST_KEY_UILaunchStoryboardName = LaunchScreen;
				INFOPLIST_KEY_UIMainStoryboardFile = Main;
				INFOPLIST_KEY_UISupportedInterfaceOrientations_iPad = "UIInterfaceOrientationPortrait UIInterfaceOrientationPortraitUpsideDown UIInterfaceOrientationLandscapeLeft UIInterfaceOrientationLandscapeRight";
				INFOPLIST_KEY_UISupportedInterfaceOrientations_iPhone = "UIInterfaceOrientationPortrait UIInterfaceOrientationLandscapeLeft UIInterfaceOrientationLandscapeRight";
				LD_RUNPATH_SEARCH_PATHS = (
					"$(inherited)",
					"@executable_path/Frameworks",
				);
				MARKETING_VERSION = 1.0;
				PRODUCT_BUNDLE_IDENTIFIER = ellen.test.cicdTest;
				PRODUCT_NAME = "$(TARGET_NAME)";
				SUPPORTED_PLATFORMS = "iphoneos iphonesimulator";
				SUPPORTS_MACCATALYST = NO;
				SUPPORTS_MAC_DESIGNED_FOR_IPHONE_IPAD = YES;
				SWIFT_EMIT_LOC_STRINGS = YES;
				SWIFT_VERSION = 5.0;
				TARGETED_DEVICE_FAMILY = 1;
			};
			name = Release;
		};
/* End XCBuildConfiguration section */

/* Begin XCConfigurationList section */
		8927690429E69BB800CA8ECD /* Build configuration list for PBXProject "cicdTest" */ = {
			isa = XCConfigurationList;
			buildConfigurations = (
				8927691B29E69BB800CA8ECD /* Debug */,
				8927691C29E69BB800CA8ECD /* Release */,
			);
			defaultConfigurationIsVisible = 0;
			defaultConfigurationName = Release;
		};
		8927691D29E69BB800CA8ECD /* Build configuration list for PBXNativeTarget "cicdTest" */ = {
			isa = XCConfigurationList;
			buildConfigurations = (
				8927691E29E69BB800CA8ECD /* Debug */,
				8927691F29E69BB800CA8ECD /* Release */,
			);
			defaultConfigurationIsVisible = 0;
			defaultConfigurationName = Release;
		};
/* End XCConfigurationList section */
	};
	rootObject = 8927690129E69BB800CA8ECD /* Project object */;
}
